PODS:
  - FLEX (4.1.1)
  - MBProgressHUD (1.2.0)

DEPENDENCIES:
  - FLEX
  - MBProgressHUD (~> 1.2.0)

SPEC REPOS:
  trunk:
    - FLEX
    - MBProgressHUD

SPEC CHECKSUMS:
  FLEX: 81096107977a09836eb440173010ceeef01105d6
  MBProgressHUD: 3ee5efcc380f6a79a7cc9b363dd669c5e1ae7406

PODFILE CHECKSUM: e9950c54a0cbe55d5273a6768b6fda36460bb537

COCOAPODS: 1.8.4
